// !$*UTF8*$!
{
	archiveVersion = 1;
	classes = {
	};
	objectVersion = 46;
	objects = {

/* Begin PBXBuildFile section */
		5363AABD1921CECB007F1371 /* Foundation.framework in Frameworks */ = {isa = PBXBuildFile; fileRef = 5363AABC1921CECB007F1371 /* Foundation.framework */; };
		5363AABF1921CECB007F1371 /* CoreGraphics.framework in Frameworks */ = {isa = PBXBuildFile; fileRef = 5363AABE1921CECB007F1371 /* CoreGraphics.framework */; };
		5363AAC11921CECB007F1371 /* UIKit.framework in Frameworks */ = {isa = PBXBuildFile; fileRef = 5363AAC01921CECB007F1371 /* UIKit.framework */; };
		5363AAC71921CECB007F1371 /* InfoPlist.strings in Resources */ = {isa = PBXBuildFile; fileRef = 5363AAC51921CECB007F1371 /* InfoPlist.strings */; };
		5363AAC91921CECB007F1371 /* main.m in Sources */ = {isa = PBXBuildFile; fileRef = 5363AAC81921CECB007F1371 /* main.m */; };
		5363AACD1921CECB007F1371 /* AppDelegate.m in Sources */ = {isa = PBXBuildFile; fileRef = 5363AACC1921CECB007F1371 /* AppDelegate.m */; };
		5363AAD01921CECB007F1371 /* Main.storyboard in Resources */ = {isa = PBXBuildFile; fileRef = 5363AACE1921CECB007F1371 /* Main.storyboard */; };
		5363AAD51921CECB007F1371 /* Images.xcassets in Resources */ = {isa = PBXBuildFile; fileRef = 5363AAD41921CECB007F1371 /* Images.xcassets */; };
		5363AADC1921CECB007F1371 /* XCTest.framework in Frameworks */ = {isa = PBXBuildFile; fileRef = 5363AADB1921CECB007F1371 /* XCTest.framework */; };
		5363AADD1921CECB007F1371 /* Foundation.framework in Frameworks */ = {isa = PBXBuildFile; fileRef = 5363AABC1921CECB007F1371 /* Foundation.framework */; };
		5363AADE1921CECB007F1371 /* UIKit.framework in Frameworks */ = {isa = PBXBuildFile; fileRef = 5363AAC01921CECB007F1371 /* UIKit.framework */; };
		5363AAE61921CECB007F1371 /* InfoPlist.strings in Resources */ = {isa = PBXBuildFile; fileRef = 5363AAE41921CECB007F1371 /* InfoPlist.strings */; };
		5363AAE81921CECB007F1371 /* HeroQuestTests.m in Sources */ = {isa = PBXBuildFile; fileRef = 5363AAE71921CECB007F1371 /* HeroQuestTests.m */; };
		538BA74019231424007F7C38 /* LoginViewController.m in Sources */ = {isa = PBXBuildFile; fileRef = 538BA73F19231424007F7C38 /* LoginViewController.m */; };
		538BA744192317A1007F7C38 /* Constants.m in Sources */ = {isa = PBXBuildFile; fileRef = 538BA743192317A1007F7C38 /* Constants.m */; };
		53B982461925A7DF00057D4B /* QuestSettingsViewController.m in Sources */ = {isa = PBXBuildFile; fileRef = 53B982451925A7DF00057D4B /* QuestSettingsViewController.m */; };
		53FBA1FC19243C92003838C3 /* QuestListViewController.m in Sources */ = {isa = PBXBuildFile; fileRef = 53FBA1FB19243C92003838C3 /* QuestListViewController.m */; };
		53FBA1FF19243DDC003838C3 /* QuestListTableViewCell.m in Sources */ = {isa = PBXBuildFile; fileRef = 53FBA1FE19243DDC003838C3 /* QuestListTableViewCell.m */; };
		53FBA203192466D4003838C3 /* QuestDetailViewController.m in Sources */ = {isa = PBXBuildFile; fileRef = 53FBA202192466D4003838C3 /* QuestDetailViewController.m */; };
/* End PBXBuildFile section */

/* Begin PBXContainerItemProxy section */
		5363AADF1921CECB007F1371 /* PBXContainerItemProxy */ = {
			isa = PBXContainerItemProxy;
			containerPortal = 5363AAB11921CECB007F1371 /* Project object */;
			proxyType = 1;
			remoteGlobalIDString = 5363AAB81921CECB007F1371;
			remoteInfo = HeroQuest;
		};
/* End PBXContainerItemProxy section */

/* Begin PBXFileReference section */
		5363AAB91921CECB007F1371 /* HeroQuest.app */ = {isa = PBXFileReference; explicitFileType = wrapper.application; includeInIndex = 0; path = HeroQuest.app; sourceTree = BUILT_PRODUCTS_DIR; };
		5363AABC1921CECB007F1371 /* Foundation.framework */ = {isa = PBXFileReference; lastKnownFileType = wrapper.framework; name = Foundation.framework; path = System/Library/Frameworks/Foundation.framework; sourceTree = SDKROOT; };
		5363AABE1921CECB007F1371 /* CoreGraphics.framework */ = {isa = PBXFileReference; lastKnownFileType = wrapper.framework; name = CoreGraphics.framework; path = System/Library/Frameworks/CoreGraphics.framework; sourceTree = SDKROOT; };
		5363AAC01921CECB007F1371 /* UIKit.framework */ = {isa = PBXFileReference; lastKnownFileType = wrapper.framework; name = UIKit.framework; path = System/Library/Frameworks/UIKit.framework; sourceTree = SDKROOT; };
		5363AAC41921CECB007F1371 /* HeroQuest-Info.plist */ = {isa = PBXFileReference; lastKnownFileType = text.plist.xml; path = "HeroQuest-Info.plist"; sourceTree = "<group>"; };
		5363AAC61921CECB007F1371 /* en */ = {isa = PBXFileReference; lastKnownFileType = text.plist.strings; name = en; path = en.lproj/InfoPlist.strings; sourceTree = "<group>"; };
		5363AAC81921CECB007F1371 /* main.m */ = {isa = PBXFileReference; lastKnownFileType = sourcecode.c.objc; path = main.m; sourceTree = "<group>"; };
		5363AACA1921CECB007F1371 /* HeroQuest-Prefix.pch */ = {isa = PBXFileReference; lastKnownFileType = sourcecode.c.h; path = "HeroQuest-Prefix.pch"; sourceTree = "<group>"; };
		5363AACB1921CECB007F1371 /* AppDelegate.h */ = {isa = PBXFileReference; lastKnownFileType = sourcecode.c.h; path = AppDelegate.h; sourceTree = "<group>"; };
		5363AACC1921CECB007F1371 /* AppDelegate.m */ = {isa = PBXFileReference; lastKnownFileType = sourcecode.c.objc; path = AppDelegate.m; sourceTree = "<group>"; };
		5363AACF1921CECB007F1371 /* Base */ = {isa = PBXFileReference; lastKnownFileType = file.storyboard; name = Base; path = Base.lproj/Main.storyboard; sourceTree = "<group>"; };
		5363AAD41921CECB007F1371 /* Images.xcassets */ = {isa = PBXFileReference; lastKnownFileType = folder.assetcatalog; path = Images.xcassets; sourceTree = "<group>"; };
		5363AADA1921CECB007F1371 /* HeroQuestTests.xctest */ = {isa = PBXFileReference; explicitFileType = wrapper.cfbundle; includeInIndex = 0; path = HeroQuestTests.xctest; sourceTree = BUILT_PRODUCTS_DIR; };
		5363AADB1921CECB007F1371 /* XCTest.framework */ = {isa = PBXFileReference; lastKnownFileType = wrapper.framework; name = XCTest.framework; path = Library/Frameworks/XCTest.framework; sourceTree = DEVELOPER_DIR; };
		5363AAE31921CECB007F1371 /* HeroQuestTests-Info.plist */ = {isa = PBXFileReference; lastKnownFileType = text.plist.xml; path = "HeroQuestTests-Info.plist"; sourceTree = "<group>"; };
		5363AAE51921CECB007F1371 /* en */ = {isa = PBXFileReference; lastKnownFileType = text.plist.strings; name = en; path = en.lproj/InfoPlist.strings; sourceTree = "<group>"; };
		5363AAE71921CECB007F1371 /* HeroQuestTests.m */ = {isa = PBXFileReference; lastKnownFileType = sourcecode.c.objc; path = HeroQuestTests.m; sourceTree = "<group>"; };
		538BA73E19231424007F7C38 /* LoginViewController.h */ = {isa = PBXFileReference; fileEncoding = 4; lastKnownFileType = sourcecode.c.h; path = LoginViewController.h; sourceTree = "<group>"; };
		538BA73F19231424007F7C38 /* LoginViewController.m */ = {isa = PBXFileReference; fileEncoding = 4; lastKnownFileType = sourcecode.c.objc; path = LoginViewController.m; sourceTree = "<group>"; };
		538BA742192317A1007F7C38 /* Constants.h */ = {isa = PBXFileReference; fileEncoding = 4; lastKnownFileType = sourcecode.c.h; path = Constants.h; sourceTree = "<group>"; };
		538BA743192317A1007F7C38 /* Constants.m */ = {isa = PBXFileReference; fileEncoding = 4; lastKnownFileType = sourcecode.c.objc; path = Constants.m; sourceTree = "<group>"; };
		538BA74819232390007F7C38 /* es */ = {isa = PBXFileReference; lastKnownFileType = text.plist.strings; name = es; path = es.lproj/Main.strings; sourceTree = "<group>"; };
		538BA74919232390007F7C38 /* es */ = {isa = PBXFileReference; lastKnownFileType = text.plist.strings; name = es; path = es.lproj/InfoPlist.strings; sourceTree = "<group>"; };
		538BA74A19232390007F7C38 /* es */ = {isa = PBXFileReference; lastKnownFileType = text.plist.strings; name = es; path = es.lproj/InfoPlist.strings; sourceTree = "<group>"; };
		53B982441925A7DF00057D4B /* QuestSettingsViewController.h */ = {isa = PBXFileReference; fileEncoding = 4; lastKnownFileType = sourcecode.c.h; path = QuestSettingsViewController.h; sourceTree = "<group>"; };
		53B982451925A7DF00057D4B /* QuestSettingsViewController.m */ = {isa = PBXFileReference; fileEncoding = 4; lastKnownFileType = sourcecode.c.objc; path = QuestSettingsViewController.m; sourceTree = "<group>"; };
		53FBA1FA19243C92003838C3 /* QuestListViewController.h */ = {isa = PBXFileReference; fileEncoding = 4; lastKnownFileType = sourcecode.c.h; path = QuestListViewController.h; sourceTree = "<group>"; };
		53FBA1FB19243C92003838C3 /* QuestListViewController.m */ = {isa = PBXFileReference; fileEncoding = 4; lastKnownFileType = sourcecode.c.objc; path = QuestListViewController.m; sourceTree = "<group>"; };
		53FBA1FD19243DDC003838C3 /* QuestListTableViewCell.h */ = {isa = PBXFileReference; fileEncoding = 4; lastKnownFileType = sourcecode.c.h; path = QuestListTableViewCell.h; sourceTree = "<group>"; };
		53FBA1FE19243DDC003838C3 /* QuestListTableViewCell.m */ = {isa = PBXFileReference; fileEncoding = 4; lastKnownFileType = sourcecode.c.objc; path = QuestListTableViewCell.m; sourceTree = "<group>"; };
		53FBA201192466D4003838C3 /* QuestDetailViewController.h */ = {isa = PBXFileReference; fileEncoding = 4; lastKnownFileType = sourcecode.c.h; path = QuestDetailViewController.h; sourceTree = "<group>"; };
		53FBA202192466D4003838C3 /* QuestDetailViewController.m */ = {isa = PBXFileReference; fileEncoding = 4; lastKnownFileType = sourcecode.c.objc; path = QuestDetailViewController.m; sourceTree = "<group>"; };
/* End PBXFileReference section */

/* Begin PBXFrameworksBuildPhase section */
		5363AAB61921CECB007F1371 /* Frameworks */ = {
			isa = PBXFrameworksBuildPhase;
			buildActionMask = 2147483647;
			files = (
				5363AABF1921CECB007F1371 /* CoreGraphics.framework in Frameworks */,
				5363AAC11921CECB007F1371 /* UIKit.framework in Frameworks */,
				5363AABD1921CECB007F1371 /* Foundation.framework in Frameworks */,
			);
			runOnlyForDeploymentPostprocessing = 0;
		};
		5363AAD71921CECB007F1371 /* Frameworks */ = {
			isa = PBXFrameworksBuildPhase;
			buildActionMask = 2147483647;
			files = (
				5363AADC1921CECB007F1371 /* XCTest.framework in Frameworks */,
				5363AADE1921CECB007F1371 /* UIKit.framework in Frameworks */,
				5363AADD1921CECB007F1371 /* Foundation.framework in Frameworks */,
			);
			runOnlyForDeploymentPostprocessing = 0;
		};
/* End PBXFrameworksBuildPhase section */

/* Begin PBXGroup section */
		5363AAB01921CECB007F1371 = {
			isa = PBXGroup;
			children = (
				5363AAC21921CECB007F1371 /* HeroQuest */,
				5363AAE11921CECB007F1371 /* HeroQuestTests */,
				5363AABB1921CECB007F1371 /* Frameworks */,
				5363AABA1921CECB007F1371 /* Products */,
			);
			sourceTree = "<group>";
		};
		5363AABA1921CECB007F1371 /* Products */ = {
			isa = PBXGroup;
			children = (
				5363AAB91921CECB007F1371 /* HeroQuest.app */,
				5363AADA1921CECB007F1371 /* HeroQuestTests.xctest */,
			);
			name = Products;
			sourceTree = "<group>";
		};
		5363AABB1921CECB007F1371 /* Frameworks */ = {
			isa = PBXGroup;
			children = (
				5363AABC1921CECB007F1371 /* Foundation.framework */,
				5363AABE1921CECB007F1371 /* CoreGraphics.framework */,
				5363AAC01921CECB007F1371 /* UIKit.framework */,
				5363AADB1921CECB007F1371 /* XCTest.framework */,
			);
			name = Frameworks;
			sourceTree = "<group>";
		};
		5363AAC21921CECB007F1371 /* HeroQuest */ = {
			isa = PBXGroup;
			children = (
				5363AACB1921CECB007F1371 /* AppDelegate.h */,
				5363AACC1921CECB007F1371 /* AppDelegate.m */,
				5363AACE1921CECB007F1371 /* Main.storyboard */,
				53FBA20019243DE0003838C3 /* TableViewCell */,
				538BA73D1922E691007F7C38 /* Controllers */,
				538BA745192317B7007F7C38 /* systemSetting */,
				5363AAD41921CECB007F1371 /* Images.xcassets */,
				5363AAC31921CECB007F1371 /* Supporting Files */,
			);
			path = HeroQuest;
			sourceTree = "<group>";
		};
		5363AAC31921CECB007F1371 /* Supporting Files */ = {
			isa = PBXGroup;
			children = (
				5363AAC41921CECB007F1371 /* HeroQuest-Info.plist */,
				5363AAC51921CECB007F1371 /* InfoPlist.strings */,
				5363AAC81921CECB007F1371 /* main.m */,
				5363AACA1921CECB007F1371 /* HeroQuest-Prefix.pch */,
			);
			name = "Supporting Files";
			sourceTree = "<group>";
		};
		5363AAE11921CECB007F1371 /* HeroQuestTests */ = {
			isa = PBXGroup;
			children = (
				5363AAE71921CECB007F1371 /* HeroQuestTests.m */,
				5363AAE21921CECB007F1371 /* Supporting Files */,
			);
			path = HeroQuestTests;
			sourceTree = "<group>";
		};
		5363AAE21921CECB007F1371 /* Supporting Files */ = {
			isa = PBXGroup;
			children = (
				5363AAE31921CECB007F1371 /* HeroQuestTests-Info.plist */,
				5363AAE41921CECB007F1371 /* InfoPlist.strings */,
			);
			name = "Supporting Files";
			sourceTree = "<group>";
		};
		538BA73D1922E691007F7C38 /* Controllers */ = {
			isa = PBXGroup;
			children = (
				538BA73E19231424007F7C38 /* LoginViewController.h */,
				538BA73F19231424007F7C38 /* LoginViewController.m */,
				53FBA1FA19243C92003838C3 /* QuestListViewController.h */,
				53FBA1FB19243C92003838C3 /* QuestListViewController.m */,
				53FBA201192466D4003838C3 /* QuestDetailViewController.h */,
				53FBA202192466D4003838C3 /* QuestDetailViewController.m */,
				53B982441925A7DF00057D4B /* QuestSettingsViewController.h */,
				53B982451925A7DF00057D4B /* QuestSettingsViewController.m */,
			);
			name = Controllers;
			sourceTree = "<group>";
		};
		538BA745192317B7007F7C38 /* systemSetting */ = {
			isa = PBXGroup;
			children = (
				538BA742192317A1007F7C38 /* Constants.h */,
				538BA743192317A1007F7C38 /* Constants.m */,
			);
			name = systemSetting;
			sourceTree = "<group>";
		};
		53FBA20019243DE0003838C3 /* TableViewCell */ = {
			isa = PBXGroup;
			children = (
				53FBA1FD19243DDC003838C3 /* QuestListTableViewCell.h */,
				53FBA1FE19243DDC003838C3 /* QuestListTableViewCell.m */,
			);
			name = TableViewCell;
			sourceTree = "<group>";
		};
/* End PBXGroup section */

/* Begin PBXNativeTarget section */
		5363AAB81921CECB007F1371 /* HeroQuest */ = {
			isa = PBXNativeTarget;
			buildConfigurationList = 5363AAEB1921CECB007F1371 /* Build configuration list for PBXNativeTarget "HeroQuest" */;
			buildPhases = (
				5363AAB51921CECB007F1371 /* Sources */,
				5363AAB61921CECB007F1371 /* Frameworks */,
				5363AAB71921CECB007F1371 /* Resources */,
			);
			buildRules = (
			);
			dependencies = (
			);
			name = HeroQuest;
			productName = HeroQuest;
			productReference = 5363AAB91921CECB007F1371 /* HeroQuest.app */;
			productType = "com.apple.product-type.application";
		};
		5363AAD91921CECB007F1371 /* HeroQuestTests */ = {
			isa = PBXNativeTarget;
			buildConfigurationList = 5363AAEE1921CECB007F1371 /* Build configuration list for PBXNativeTarget "HeroQuestTests" */;
			buildPhases = (
				5363AAD61921CECB007F1371 /* Sources */,
				5363AAD71921CECB007F1371 /* Frameworks */,
				5363AAD81921CECB007F1371 /* Resources */,
			);
			buildRules = (
			);
			dependencies = (
				5363AAE01921CECB007F1371 /* PBXTargetDependency */,
			);
			name = HeroQuestTests;
			productName = HeroQuestTests;
			productReference = 5363AADA1921CECB007F1371 /* HeroQuestTests.xctest */;
			productType = "com.apple.product-type.bundle.unit-test";
		};
/* End PBXNativeTarget section */

/* Begin PBXProject section */
		5363AAB11921CECB007F1371 /* Project object */ = {
			isa = PBXProject;
			attributes = {
				LastUpgradeCheck = 0510;
				ORGANIZATIONNAME = "Rafael Paiva Silva";
				TargetAttributes = {
					5363AAD91921CECB007F1371 = {
						TestTargetID = 5363AAB81921CECB007F1371;
					};
				};
			};
			buildConfigurationList = 5363AAB41921CECB007F1371 /* Build configuration list for PBXProject "HeroQuest" */;
			compatibilityVersion = "Xcode 3.2";
			developmentRegion = English;
			hasScannedForEncodings = 0;
			knownRegions = (
				en,
				Base,
				es,
			);
			mainGroup = 5363AAB01921CECB007F1371;
			productRefGroup = 5363AABA1921CECB007F1371 /* Products */;
			projectDirPath = "";
			projectRoot = "";
			targets = (
				5363AAB81921CECB007F1371 /* HeroQuest */,
				5363AAD91921CECB007F1371 /* HeroQuestTests */,
			);
		};
/* End PBXProject section */

/* Begin PBXResourcesBuildPhase section */
		5363AAB71921CECB007F1371 /* Resources */ = {
			isa = PBXResourcesBuildPhase;
			buildActionMask = 2147483647;
			files = (
				5363AAD51921CECB007F1371 /* Images.xcassets in Resources */,
				5363AAC71921CECB007F1371 /* InfoPlist.strings in Resources */,
				5363AAD01921CECB007F1371 /* Main.storyboard in Resources */,
			);
			runOnlyForDeploymentPostprocessing = 0;
		};
		5363AAD81921CECB007F1371 /* Resources */ = {
			isa = PBXResourcesBuildPhase;
			buildActionMask = 2147483647;
			files = (
				5363AAE61921CECB007F1371 /* InfoPlist.strings in Resources */,
			);
			runOnlyForDeploymentPostprocessing = 0;
		};
/* End PBXResourcesBuildPhase section */

/* Begin PBXSourcesBuildPhase section */
		5363AAB51921CECB007F1371 /* Sources */ = {
			isa = PBXSourcesBuildPhase;
			buildActionMask = 2147483647;
			files = (
				5363AACD1921CECB007F1371 /* AppDelegate.m in Sources */,
				5363AAC91921CECB007F1371 /* main.m in Sources */,
				53B982461925A7DF00057D4B /* QuestSettingsViewController.m in Sources */,
				538BA74019231424007F7C38 /* LoginViewController.m in Sources */,
				53FBA1FC19243C92003838C3 /* QuestListViewController.m in Sources */,
				53FBA203192466D4003838C3 /* QuestDetailViewController.m in Sources */,
				53FBA1FF19243DDC003838C3 /* QuestListTableViewCell.m in Sources */,
				538BA744192317A1007F7C38 /* Constants.m in Sources */,
			);
			runOnlyForDeploymentPostprocessing = 0;
		};
		5363AAD61921CECB007F1371 /* Sources */ = {
			isa = PBXSourcesBuildPhase;
			buildActionMask = 2147483647;
			files = (
				5363AAE81921CECB007F1371 /* HeroQuestTests.m in Sources */,
			);
			runOnlyForDeploymentPostprocessing = 0;
		};
/* End PBXSourcesBuildPhase section */

/* Begin PBXTargetDependency section */
		5363AAE01921CECB007F1371 /* PBXTargetDependency */ = {
			isa = PBXTargetDependency;
			target = 5363AAB81921CECB007F1371 /* HeroQuest */;
			targetProxy = 5363AADF1921CECB007F1371 /* PBXContainerItemProxy */;
		};
/* End PBXTargetDependency section */

/* Begin PBXVariantGroup section */
		5363AAC51921CECB007F1371 /* InfoPlist.strings */ = {
			isa = PBXVariantGroup;
			children = (
				5363AAC61921CECB007F1371 /* en */,
				538BA74919232390007F7C38 /* es */,
			);
			name = InfoPlist.strings;
			sourceTree = "<group>";
		};
		5363AACE1921CECB007F1371 /* Main.storyboard */ = {
			isa = PBXVariantGroup;
			children = (
				5363AACF1921CECB007F1371 /* Base */,
				538BA74819232390007F7C38 /* es */,
			);
			name = Main.storyboard;
			sourceTree = "<group>";
		};
		5363AAE41921CECB007F1371 /* InfoPlist.strings */ = {
			isa = PBXVariantGroup;
			children = (
				5363AAE51921CECB007F1371 /* en */,
				538BA74A19232390007F7C38 /* es */,
			);
			name = InfoPlist.strings;
			sourceTree = "<group>";
		};
/* End PBXVariantGroup section */

/* Begin XCBuildConfiguration section */
		5363AAE91921CECB007F1371 /* Debug */ = {
			isa = XCBuildConfiguration;
			buildSettings = {
				ALWAYS_SEARCH_USER_PATHS = NO;
				CLANG_CXX_LANGUAGE_STANDARD = "gnu++0x";
				CLANG_CXX_LIBRARY = "libc++";
				CLANG_ENABLE_MODULES = YES;
				CLANG_ENABLE_OBJC_ARC = YES;
				CLANG_WARN_BOOL_CONVERSION = YES;
				CLANG_WARN_CONSTANT_CONVERSION = YES;
				CLANG_WARN_DIRECT_OBJC_ISA_USAGE = YES_ERROR;
				CLANG_WARN_EMPTY_BODY = YES;
				CLANG_WARN_ENUM_CONVERSION = YES;
				CLANG_WARN_INT_CONVERSION = YES;
				CLANG_WARN_OBJC_ROOT_CLASS = YES_ERROR;
				CLANG_WARN__DUPLICATE_METHOD_MATCH = YES;
				"CODE_SIGN_IDENTITY[sdk=iphoneos*]" = "iPhone Developer";
				COPY_PHASE_STRIP = NO;
				GCC_C_LANGUAGE_STANDARD = gnu99;
				GCC_DYNAMIC_NO_PIC = NO;
				GCC_OPTIMIZATION_LEVEL = 0;
				GCC_PREPROCESSOR_DEFINITIONS = (
					"DEBUG=1",
					"$(inherited)",
				);
				GCC_SYMBOLS_PRIVATE_EXTERN = NO;
				GCC_WARN_64_TO_32_BIT_CONVERSION = YES;
				GCC_WARN_ABOUT_RETURN_TYPE = YES_ERROR;
				GCC_WARN_UNDECLARED_SELECTOR = YES;
				GCC_WARN_UNINITIALIZED_AUTOS = YES_AGGRESSIVE;
				GCC_WARN_UNUSED_FUNCTION = YES;
				GCC_WARN_UNUSED_VARIABLE = YES;
				IPHONEOS_DEPLOYMENT_TARGET = 7.1;
				ONLY_ACTIVE_ARCH = YES;
				SDKROOT = iphoneos;
			};
			name = Debug;
		};
		5363AAEA1921CECB007F1371 /* Release */ = {
			isa = XCBuildConfiguration;
			buildSettings = {
				ALWAYS_SEARCH_USER_PATHS = NO;
				CLANG_CXX_LANGUAGE_STANDARD = "gnu++0x";
				CLANG_CXX_LIBRARY = "libc++";
				CLANG_ENABLE_MODULES = YES;
				CLANG_ENABLE_OBJC_ARC = YES;
				CLANG_WARN_BOOL_CONVERSION = YES;
				CLANG_WARN_CONSTANT_CONVERSION = YES;
				CLANG_WARN_DIRECT_OBJC_ISA_USAGE = YES_ERROR;
				CLANG_WARN_EMPTY_BODY = YES;
				CLANG_WARN_ENUM_CONVERSION = YES;
				CLANG_WARN_INT_CONVERSION = YES;
				CLANG_WARN_OBJC_ROOT_CLASS = YES_ERROR;
				CLANG_WARN__DUPLICATE_METHOD_MATCH = YES;
				"CODE_SIGN_IDENTITY[sdk=iphoneos*]" = "iPhone Developer";
				COPY_PHASE_STRIP = YES;
				ENABLE_NS_ASSERTIONS = NO;
				GCC_C_LANGUAGE_STANDARD = gnu99;
				GCC_WARN_64_TO_32_BIT_CONVERSION = YES;
				GCC_WARN_ABOUT_RETURN_TYPE = YES_ERROR;
				GCC_WARN_UNDECLARED_SELECTOR = YES;
				GCC_WARN_UNINITIALIZED_AUTOS = YES_AGGRESSIVE;
				GCC_WARN_UNUSED_FUNCTION = YES;
				GCC_WARN_UNUSED_VARIABLE = YES;
				IPHONEOS_DEPLOYMENT_TARGET = 7.1;
				SDKROOT = iphoneos;
				VALIDATE_PRODUCT = YES;
			};
			name = Release;
		};
		5363AAEC1921CECB007F1371 /* Debug */ = {
			isa = XCBuildConfiguration;
			buildSettings = {
				ASSETCATALOG_COMPILER_APPICON_NAME = AppIcon;
				ASSETCATALOG_COMPILER_LAUNCHIMAGE_NAME = LaunchImage;
				GCC_PRECOMPILE_PREFIX_HEADER = YES;
				GCC_PREFIX_HEADER = "HeroQuest/HeroQuest-Prefix.pch";
				INFOPLIST_FILE = "HeroQuest/HeroQuest-Info.plist";
				PRODUCT_NAME = "$(TARGET_NAME)";
				WRAPPER_EXTENSION = app;
			};
			name = Debug;
		};
		5363AAED1921CECB007F1371 /* Release */ = {
			isa = XCBuildConfiguration;
			buildSettings = {
				ASSETCATALOG_COMPILER_APPICON_NAME = AppIcon;
				ASSETCATALOG_COMPILER_LAUNCHIMAGE_NAME = LaunchImage;
				GCC_PRECOMPILE_PREFIX_HEADER = YES;
				GCC_PREFIX_HEADER = "HeroQuest/HeroQuest-Prefix.pch";
				INFOPLIST_FILE = "HeroQuest/HeroQuest-Info.plist";
				PRODUCT_NAME = "$(TARGET_NAME)";
				WRAPPER_EXTENSION = app;
			};
			name = Release;
		};
		5363AAEF1921CECB007F1371 /* Debug */ = {
			isa = XCBuildConfiguration;
			buildSettings = {
				BUNDLE_LOADER = "$(BUILT_PRODUCTS_DIR)/HeroQuest.app/HeroQuest";
				FRAMEWORK_SEARCH_PATHS = (
					"$(SDKROOT)/Developer/Library/Frameworks",
					"$(inherited)",
					"$(DEVELOPER_FRAMEWORKS_DIR)",
				);
				GCC_PRECOMPILE_PREFIX_HEADER = YES;
				GCC_PREFIX_HEADER = "HeroQuest/HeroQuest-Prefix.pch";
				GCC_PREPROCESSOR_DEFINITIONS = (
					"DEBUG=1",
					"$(inherited)",
				);
				INFOPLIST_FILE = "HeroQuestTests/HeroQuestTests-Info.plist";
				PRODUCT_NAME = "$(TARGET_NAME)";
				TEST_HOST = "$(BUNDLE_LOADER)";
				WRAPPER_EXTENSION = xctest;
			};
			name = Debug;
		};
		5363AAF01921CECB007F1371 /* Release */ = {
			isa = XCBuildConfiguration;
			buildSettings = {
				BUNDLE_LOADER = "$(BUILT_PRODUCTS_DIR)/HeroQuest.app/HeroQuest";
				FRAMEWORK_SEARCH_PATHS = (
					"$(SDKROOT)/Developer/Library/Frameworks",
					"$(inherited)",
					"$(DEVELOPER_FRAMEWORKS_DIR)",
				);
				GCC_PRECOMPILE_PREFIX_HEADER = YES;
				GCC_PREFIX_HEADER = "HeroQuest/HeroQuest-Prefix.pch";
				INFOPLIST_FILE = "HeroQuestTests/HeroQuestTests-Info.plist";
				PRODUCT_NAME = "$(TARGET_NAME)";
				TEST_HOST = "$(BUNDLE_LOADER)";
				WRAPPER_EXTENSION = xctest;
			};
			name = Release;
		};
/* End XCBuildConfiguration section */

/* Begin XCConfigurationList section */
		5363AAB41921CECB007F1371 /* Build configuration list for PBXProject "HeroQuest" */ = {
			isa = XCConfigurationList;
			buildConfigurations = (
				5363AAE91921CECB007F1371 /* Debug */,
				5363AAEA1921CECB007F1371 /* Release */,
			);
			defaultConfigurationIsVisible = 0;
			defaultConfigurationName = Release;
		};
		5363AAEB1921CECB007F1371 /* Build configuration list for PBXNativeTarget "HeroQuest" */ = {
			isa = XCConfigurationList;
			buildConfigurations = (
				5363AAEC1921CECB007F1371 /* Debug */,
				5363AAED1921CECB007F1371 /* Release */,
			);
			defaultConfigurationIsVisible = 0;
			defaultConfigurationName = Release;
		};
		5363AAEE1921CECB007F1371 /* Build configuration list for PBXNativeTarget "HeroQuestTests" */ = {
			isa = XCConfigurationList;
			buildConfigurations = (
				5363AAEF1921CECB007F1371 /* Debug */,
				5363AAF01921CECB007F1371 /* Release */,
			);
			defaultConfigurationIsVisible = 0;
			defaultConfigurationName = Release;
		};
/* End XCConfigurationList section */
	};
	rootObject = 5363AAB11921CECB007F1371 /* Project object */;
}
